
Microsoft Visual Studio Solution File, Format Version 12.00
# Visual Studio Version 17
VisualStudioVersion = 17.6.33829.357
MinimumVisualStudioVersion = 10.0.40219.1
Project("{FAE04EC0-301F-11D3-BF4B-00C04F79EFBC}") = "WebApplication1", "WebApplication1\WebApplication1.csproj", "{0D63F872-0F6A-4391-A178-458E4FCC9698}"
EndProject
Project("{FAE04EC0-301F-11D3-BF4B-00C04F79EFBC}") = "Entitites", "Entitites\Entitites.csproj", "{EBC6B226-E1C3-468C-8676-B3517676FF0B}"
EndProject
Project("{FAE04EC0-301F-11D3-BF4B-00C04F79EFBC}") = "Data", "Data\Data.csproj", "{A96D5204-B193-418E-B4D5-CB2D87E5CFE6}"
EndProject
Global
	GlobalSection(SolutionConfigurationPlatforms) = preSolution
		Debug|Any CPU = Debug|Any CPU
		Release|Any CPU = Release|Any CPU
	EndGlobalSection
	GlobalSection(ProjectConfigurationPlatforms) = postSolution
		{0D63F872-0F6A-4391-A178-458E4FCC9698}.Debug|Any CPU.ActiveCfg = Debug|Any CPU
		{0D63F872-0F6A-4391-A178-458E4FCC9698}.Debug|Any CPU.Build.0 = Debug|Any CPU
		{0D63F872-0F6A-4391-A178-458E4FCC9698}.Release|Any CPU.ActiveCfg = Release|Any CPU
		{0D63F872-0F6A-4391-A178-458E4FCC9698}.Release|Any CPU.Build.0 = Release|Any CPU
		{EBC6B226-E1C3-468C-8676-B3517676FF0B}.Debug|Any CPU.ActiveCfg = Debug|Any CPU
		{EBC6B226-E1C3-468C-8676-B3517676FF0B}.Debug|Any CPU.Build.0 = Debug|Any CPU
		{EBC6B226-E1C3-468C-8676-B3517676FF0B}.Release|Any CPU.ActiveCfg = Release|Any CPU
		{EBC6B226-E1C3-468C-8676-B3517676FF0B}.Release|Any CPU.Build.0 = Release|Any CPU
		{A96D5204-B193-418E-B4D5-CB2D87E5CFE6}.Debug|Any CPU.ActiveCfg = Debug|Any CPU
		{A96D5204-B193-418E-B4D5-CB2D87E5CFE6}.Debug|Any CPU.Build.0 = Debug|Any CPU
		{A96D5204-B193-418E-B4D5-CB2D87E5CFE6}.Release|Any CPU.ActiveCfg = Release|Any CPU
		{A96D5204-B193-418E-B4D5-CB2D87E5CFE6}.Release|Any CPU.Build.0 = Release|Any CPU
	EndGlobalSection
	GlobalSection(SolutionProperties) = preSolution
		HideSolutionNode = FALSE
	EndGlobalSection
	GlobalSection(ExtensibilityGlobals) = postSolution
		SolutionGuid = {A8821085-D132-480D-BBC6-C02D503D62BA}
	EndGlobalSection
EndGlobal
